{
  "name": "fabien0102.com",
  "version": "0.0.1",
  "lockfileVersion": 1,
  "requires": true,
  "dependencies": {
    "@fabien0102/react-bodymovin": {
      "version": "1.0.6",
      "resolved": "https://registry.npmjs.org/@fabien0102/react-bodymovin/-/react-bodymovin-1.0.6.tgz",
      "integrity": "sha512-I5EffkIHFS//QJu4s22sjYpVk+QaFBiZsxC9mtvMOu0MxO+J+GVzQial1TY+QQNSKbnIyjvMzWR7xa7aiX/fKw=="
    },
    "babel-runtime": {
      "version": "6.26.0",
      "resolved": "https://registry.npmjs.org/babel-runtime/-/babel-runtime-6.26.0.tgz",
      "integrity": "sha1-llxwWGaOgrVde/4E/yM3vItWR/4="
    },
    "gatsby": {
      "version": "1.9.18",
      "resolved": "https://registry.npmjs.org/gatsby/-/gatsby-1.9.18.tgz",
      "integrity": "sha512-2SLJ+JKhrmMNb3Bh67g/qOdcW9tAasB19SXPGY3NIA7e4Qy1p5PpU9+VQyP8U3dkTh+M+JHzFvaUfnRHjdtEMA==",
      "dependencies": {
        "graphql-skip-limit": {
          "version": "1.0.4",
          "resolved": "https://registry.npmjs.org/graphql-skip-limit/-/graphql-skip-limit-1.0.4.tgz",
          "integrity": "sha512-xA8/H96XhecuwhCn54PKPo9E5otqSeC/nRbV/vNSv8anWCa/WScWgoHTbn6uy2pjRWFJRh4+zwgJ7AdLT/pqIg=="
        }
      }
    },
    "gatsby-link": {
      "version": "1.6.12",
      "resolved": "https://registry.npmjs.org/gatsby-link/-/gatsby-link-1.6.12.tgz",
      "integrity": "sha1-31UjxtsQzuRj4ahbpKbkKjWTHks="
    },
    "gatsby-plugin-glamor": {
      "version": "1.6.7",
      "resolved": "https://registry.npmjs.org/gatsby-plugin-glamor/-/gatsby-plugin-glamor-1.6.7.tgz",
      "integrity": "sha512-1o1lQqvldS9llnUs79pyTn0rg7WwHOpxdxBV55FlQcKv9F25BtE0MxutiQtAmHvZbc+ZXS8yYeCHX6YomAfE9A=="
    },
    "gatsby-plugin-manifest": {
      "version": "1.0.7",
      "resolved": "https://registry.npmjs.org/gatsby-plugin-manifest/-/gatsby-plugin-manifest-1.0.7.tgz",
      "integrity": "sha512-TuGvvgyzzy7eCI9gXrhxpEqT57KrS6ttF2XO+VfIl5aSOQhC+srjEow7m7SVnfrggplRTbIY+vvutIvOxxr2IA=="
    },
    "gatsby-plugin-offline": {
      "version": "1.0.9",
      "resolved": "https://registry.npmjs.org/gatsby-plugin-offline/-/gatsby-plugin-offline-1.0.9.tgz",
      "integrity": "sha512-AfAMLaatOFA06XDKlm5CwgNXtblNqXCLp8NT3CxPsefR7K5fFK5R72ouOWuHnJaIsI40PyZ+XJJKzNXv/qGRxQ=="
    },
    "gatsby-plugin-sitemap": {
      "version": "1.2.25",
      "resolved": "https://registry.npmjs.org/gatsby-plugin-sitemap/-/gatsby-plugin-sitemap-1.2.25.tgz",
      "integrity": "sha1-F1yCUYMW+UOd9mND0hO+KBXhKbA=",
      "requires": {
        "babel-runtime": "^6.26.0",
        "minimatch": "^3.0.4",
        "sitemap": "^1.12.0"
      }
    },
    "gatsby-source-filesystem": {
      "version": "1.4.9",
      "resolved": "https://registry.npmjs.org/gatsby-source-filesystem/-/gatsby-source-filesystem-1.4.9.tgz",
      "integrity": "sha512-QS1g3mucTFI46z0FrfYiZPUEEGfw0G7bGk/VOdkw1/suU1xj0qyCCGq6Jh8HOnks0svJ1aduz42Ers1kCNAEPw==",
      "dependencies": {
        "fs-extra": {
          "version": "4.0.1",
          "resolved": "https://registry.npmjs.org/fs-extra/-/fs-extra-4.0.1.tgz",
          "integrity": "sha1-f8DGyJV/mD9X8waiTlud3Y0N2IA="
        }
      }
    },
    "gatsby-transformer-remark": {
      "version": "1.7.5",
      "resolved": "https://registry.npmjs.org/gatsby-transformer-remark/-/gatsby-transformer-remark-1.7.5.tgz",
      "integrity": "sha512-kkiw/qvpm+XFK1I72G9RHowRP9jVeZDiTzQRfeWpZOQ1cASV2ekuRHw8j/bAQE2JCR6qvLbOjva8Uim2B648tA=="
    },
    "gatsby-transformer-yaml": {
      "version": "1.5.6",
      "resolved": "https://registry.npmjs.org/gatsby-transformer-yaml/-/gatsby-transformer-yaml-1.5.6.tgz",
      "integrity": "sha512-4+FtSMt+/RHf+8akgcq7SqjLsLJsiK7MI3wENxCh6B+hj4f14Fz8sNdBa+0H5RPOHNwXJS5R8eXxF3AUaNDzNw=="
    },
    "jest": {
      "version": "20.0.4",
      "resolved": "https://registry.npmjs.org/jest/-/jest-20.0.4.tgz",
      "integrity": "sha1-PdJgwpidba1nix6cxNkZRPbWAqw=",
      "dependencies": {
        "ansi-escapes": {
          "version": "1.4.0",
          "resolved": "https://registry.npmjs.org/ansi-escapes/-/ansi-escapes-1.4.0.tgz",
          "integrity": "sha1-06ioOzGapneTZisT52HHkRQiMG4="
        },
        "camelcase": {
          "version": "3.0.0",
          "resolved": "https://registry.npmjs.org/camelcase/-/camelcase-3.0.0.tgz",
          "integrity": "sha1-MvxLn82vhF/N9+c7uXysImHwqwo="
        },
        "cliui": {
          "version": "3.2.0",
          "resolved": "https://registry.npmjs.org/cliui/-/cliui-3.2.0.tgz",
          "integrity": "sha1-EgYBU3qRbSmUD5NNo7SNWFo5IT0="
        },
        "jest-cli": {
          "version": "20.0.4",
          "resolved": "https://registry.npmjs.org/jest-cli/-/jest-cli-20.0.4.tgz",
          "integrity": "sha1-5TKxnYiuW8bEF+iwWTpv6VSx3JM="
        },
        "pify": {
          "version": "2.3.0",
          "resolved": "https://registry.npmjs.org/pify/-/pify-2.3.0.tgz",
          "integrity": "sha1-7RQaasBDqEnqWISY59yosVMw6Qw="
        },
        "yargs": {
          "version": "7.1.0",
          "resolved": "https://registry.npmjs.org/yargs/-/yargs-7.1.0.tgz",
          "integrity": "sha1-a6MY6xaWFyf10oT46gA+jWFU0Mg="
        }
      }
    },
    "minimatch": {
      "version": "3.0.4",
      "resolved": "https://registry.npmjs.org/minimatch/-/minimatch-3.0.4.tgz",
      "integrity": "sha512-yJHVQEhyqPLUTgt9B83PXu6W3rx4MvvHvSUvToogpwoGDOUQ+yDrR0HRot+yOCdCO7u4hX3pWft6kWBBcqh0UA=="
    },
    "react-clipboard.js": {
      "version": "1.1.2",
      "resolved": "https://registry.npmjs.org/react-clipboard.js/-/react-clipboard.js-1.1.2.tgz",
      "integrity": "sha1-lsksko0JhzwUKH/Vx185Xx+RFJA="
    },
    "sitemap": {
      "version": "1.13.0",
      "resolved": "https://registry.npmjs.org/sitemap/-/sitemap-1.13.0.tgz",
      "integrity": "sha1-Vpy+IYAgKSamKiZs094Jyc60P4M=",
      "requires": {
        "underscore": "^1.7.0",
        "url-join": "^1.1.0"
      }
    },
    "underscore": {
      "version": "1.7.0",
      "resolved": "https://registry.npmjs.org/underscore/-/underscore-1.7.0.tgz",
      "integrity": "sha1-a7rwh3UA02vjTsqlhODbn+8DUgk="
    },
    "url-join": {
      "version": "1.1.0",
      "resolved": "https://registry.npmjs.org/url-join/-/url-join-1.1.0.tgz",
      "integrity": "sha1-dBxsL0WWxIMNZxhGCSDQySIC3Hg="
    }
  }
}
